
Microsoft Visual Studio Solution File, Format Version 12.00
# Visual Studio Version 17
VisualStudioVersion = 17.9.34714.143
MinimumVisualStudioVersion = 10.0.40219.1
Project("{FAE04EC0-301F-11D3-BF4B-00C04F79EFBC}") = "EL", "EL\EL.csproj", "{C0A03001-0113-4826-93CF-A8ECD2E319F0}"
EndProject
Project("{FAE04EC0-301F-11D3-BF4B-00C04F79EFBC}") = "DAL", "DAL\DAL.csproj", "{B7F49688-8ECC-4CD2-A252-5DCCFF5EDE96}"
EndProject
Project("{FAE04EC0-301F-11D3-BF4B-00C04F79EFBC}") = "BL", "BL\BL.csproj", "{113259B0-334B-46B0-A8C7-D35536417FA3}"
EndProject
Project("{FAE04EC0-301F-11D3-BF4B-00C04F79EFBC}") = "Utilidades", "Utilidades\Utilidades.csproj", "{06431284-3D1A-4D51-A9EB-01CBCE22EECE}"
EndProject
Project("{FAE04EC0-301F-11D3-BF4B-00C04F79EFBC}") = "TEST", "TEST\TEST.csproj", "{23115D19-54A5-4984-8328-660CE9C03C23}"
EndProject
Global
	GlobalSection(SolutionConfigurationPlatforms) = preSolution
		Debug|Any CPU = Debug|Any CPU
		Release|Any CPU = Release|Any CPU
	EndGlobalSection
	GlobalSection(ProjectConfigurationPlatforms) = postSolution
		{C0A03001-0113-4826-93CF-A8ECD2E319F0}.Debug|Any CPU.ActiveCfg = Debug|Any CPU
		{C0A03001-0113-4826-93CF-A8ECD2E319F0}.Debug|Any CPU.Build.0 = Debug|Any CPU
		{C0A03001-0113-4826-93CF-A8ECD2E319F0}.Release|Any CPU.ActiveCfg = Release|Any CPU
		{C0A03001-0113-4826-93CF-A8ECD2E319F0}.Release|Any CPU.Build.0 = Release|Any CPU
		{B7F49688-8ECC-4CD2-A252-5DCCFF5EDE96}.Debug|Any CPU.ActiveCfg = Debug|Any CPU
		{B7F49688-8ECC-4CD2-A252-5DCCFF5EDE96}.Debug|Any CPU.Build.0 = Debug|Any CPU
		{B7F49688-8ECC-4CD2-A252-5DCCFF5EDE96}.Release|Any CPU.ActiveCfg = Release|Any CPU
		{B7F49688-8ECC-4CD2-A252-5DCCFF5EDE96}.Release|Any CPU.Build.0 = Release|Any CPU
		{113259B0-334B-46B0-A8C7-D35536417FA3}.Debug|Any CPU.ActiveCfg = Debug|Any CPU
		{113259B0-334B-46B0-A8C7-D35536417FA3}.Debug|Any CPU.Build.0 = Debug|Any CPU
		{113259B0-334B-46B0-A8C7-D35536417FA3}.Release|Any CPU.ActiveCfg = Release|Any CPU
		{113259B0-334B-46B0-A8C7-D35536417FA3}.Release|Any CPU.Build.0 = Release|Any CPU
		{06431284-3D1A-4D51-A9EB-01CBCE22EECE}.Debug|Any CPU.ActiveCfg = Debug|Any CPU
		{06431284-3D1A-4D51-A9EB-01CBCE22EECE}.Debug|Any CPU.Build.0 = Debug|Any CPU
		{06431284-3D1A-4D51-A9EB-01CBCE22EECE}.Release|Any CPU.ActiveCfg = Release|Any CPU
		{06431284-3D1A-4D51-A9EB-01CBCE22EECE}.Release|Any CPU.Build.0 = Release|Any CPU
		{23115D19-54A5-4984-8328-660CE9C03C23}.Debug|Any CPU.ActiveCfg = Debug|Any CPU
		{23115D19-54A5-4984-8328-660CE9C03C23}.Debug|Any CPU.Build.0 = Debug|Any CPU
		{23115D19-54A5-4984-8328-660CE9C03C23}.Release|Any CPU.ActiveCfg = Release|Any CPU
		{23115D19-54A5-4984-8328-660CE9C03C23}.Release|Any CPU.Build.0 = Release|Any CPU
	EndGlobalSection
	GlobalSection(SolutionProperties) = preSolution
		HideSolutionNode = FALSE
	EndGlobalSection
	GlobalSection(ExtensibilityGlobals) = postSolution
		SolutionGuid = {0D0F7F24-DFE7-43B9-9257-9BC23BEFD4ED}
	EndGlobalSection
EndGlobal
